{
  "version": 4,
  "terraform_version": "0.13.5",
  "serial": 36,
  "lineage": "4c615ebd-5dcb-09a2-4de0-71f12af49980",
  "outputs": {
    "windows_client_public_ip": {
      "value": "52.233.250.156",
      "type": "string"
    }
  },
  "resources": [
    {
      "mode": "managed",
      "type": "azurerm_resource_group",
      "name": "test",
      "provider": "provider[\"registry.terraform.io/hashicorp/azurerm\"]",
      "instances": [
        {
          "schema_version": 0,
          "attributes": {
            "id": "/subscriptions/5073fd4c-3a1b-4559-8371-21e034f70820/resourceGroups/tfvm-resources",
            "location": "westeurope",
            "name": "tfvm-resources",
            "tags": null,
            "timeouts": null
          },
          "private": "eyJlMmJmYjczMC1lY2FhLTExZTYtOGY4OC0zNDM2M2JjN2M0YzAiOnsiY3JlYXRlIjo1NDAwMDAwMDAwMDAwLCJkZWxldGUiOjU0MDAwMDAwMDAwMDAsInJlYWQiOjMwMDAwMDAwMDAwMCwidXBkYXRlIjo1NDAwMDAwMDAwMDAwfX0="
        }
      ]
    },
    {
      "module": "module.active-directory-domain",
      "mode": "managed",
      "type": "azurerm_network_interface",
      "name": "primary",
      "provider": "provider[\"registry.terraform.io/hashicorp/azurerm\"]",
      "instances": [
        {
          "schema_version": 0,
          "attributes": {
            "applied_dns_servers": [],
            "dns_servers": [],
            "enable_accelerated_networking": false,
            "enable_ip_forwarding": false,
            "id": "/subscriptions/5073fd4c-3a1b-4559-8371-21e034f70820/resourceGroups/tfvm-resources/providers/Microsoft.Network/networkInterfaces/tfvm-dc-primary",
            "internal_dns_name_label": "tfvm-dc",
            "internal_domain_name_suffix": "he21rxml25zetmpxhjjt0ad5kb.ax.internal.cloudapp.net",
            "ip_configuration": [
              {
                "name": "primary",
                "primary": true,
                "private_ip_address": "10.0.1.4",
                "private_ip_address_allocation": "Static",
                "private_ip_address_version": "IPv4",
                "public_ip_address_id": "",
                "subnet_id": "/subscriptions/5073fd4c-3a1b-4559-8371-21e034f70820/resourceGroups/tfvm-resources/providers/Microsoft.Network/virtualNetworks/tfvm-network/subnets/domain-controllers"
              }
            ],
            "location": "westeurope",
            "mac_address": "",
            "name": "tfvm-dc-primary",
            "private_ip_address": "10.0.1.4",
            "private_ip_addresses": [
              "10.0.1.4"
            ],
            "resource_group_name": "tfvm-resources",
            "tags": null,
            "timeouts": null,
            "virtual_machine_id": ""
          },
          "private": "eyJlMmJmYjczMC1lY2FhLTExZTYtOGY4OC0zNDM2M2JjN2M0YzAiOnsiY3JlYXRlIjoxODAwMDAwMDAwMDAwLCJkZWxldGUiOjE4MDAwMDAwMDAwMDAsInJlYWQiOjMwMDAwMDAwMDAwMCwidXBkYXRlIjoxODAwMDAwMDAwMDAwfX0=",
          "dependencies": [
            "azurerm_resource_group.test",
            "module.network.azurerm_subnet.domain-controllers",
            "module.network.azurerm_virtual_network.main"
          ]
        }
      ]
    },
    {
      "module": "module.active-directory-domain",
      "mode": "managed",
      "type": "azurerm_virtual_machine",
      "name": "domain-controller",
      "provider": "provider[\"registry.terraform.io/hashicorp/azurerm\"]",
      "instances": [
        {
          "schema_version": 0,
          "attributes": {
            "additional_capabilities": [],
            "availability_set_id": null,
            "boot_diagnostics": [],
            "delete_data_disks_on_termination": false,
            "delete_os_disk_on_termination": true,
            "id": "/subscriptions/5073fd4c-3a1b-4559-8371-21e034f70820/resourceGroups/tfvm-resources/providers/Microsoft.Compute/virtualMachines/tfvm-dc",
            "identity": [],
            "license_type": null,
            "location": "westeurope",
            "name": "tfvm-dc",
            "network_interface_ids": [
              "/subscriptions/5073fd4c-3a1b-4559-8371-21e034f70820/resourceGroups/tfvm-resources/providers/Microsoft.Network/networkInterfaces/tfvm-dc-primary"
            ],
            "os_profile": [
              {
                "admin_password": "P0wer$hell",
                "admin_username": "azureuser",
                "computer_name": "tfvm-dc",
                "custom_data": "6edae91a294bc9d3a4277964c7d22da1d597f789"
              }
            ],
            "os_profile_linux_config": [],
            "os_profile_secrets": [],
            "os_profile_windows_config": [
              {
                "additional_unattend_config": [
                  {
                    "component": "Microsoft-Windows-Shell-Setup",
                    "content": "\u003cAutoLogon\u003e\u003cPassword\u003e\u003cValue\u003eP0wer$hell\u003c/Value\u003e\u003c/Password\u003e\u003cEnabled\u003etrue\u003c/Enabled\u003e\u003cLogonCount\u003e1\u003c/LogonCount\u003e\u003cUsername\u003eazureuser\u003c/Username\u003e\u003c/AutoLogon\u003e",
                    "pass": "oobeSystem",
                    "setting_name": "AutoLogon"
                  },
                  {
                    "component": "Microsoft-Windows-Shell-Setup",
                    "content": "\u003cFirstLogonCommands\u003e\n    \u003cSynchronousCommand\u003e\n        \u003cCommandLine\u003ecmd /c \"mkdir C:\\terraform\"\u003c/CommandLine\u003e\n        \u003cDescription\u003eCreate the Terraform working directory\u003c/Description\u003e\n        \u003cOrder\u003e11\u003c/Order\u003e\n    \u003c/SynchronousCommand\u003e\n    \u003cSynchronousCommand\u003e\n        \u003cCommandLine\u003ecmd /c \"copy C:\\AzureData\\CustomData.bin C:\\terraform\\winrm.ps1\"\u003c/CommandLine\u003e\n        \u003cDescription\u003eMove the CustomData file to the working directory\u003c/Description\u003e\n        \u003cOrder\u003e12\u003c/Order\u003e\n    \u003c/SynchronousCommand\u003e\n    \u003cSynchronousCommand\u003e\n        \u003cCommandLine\u003epowershell.exe -sta -ExecutionPolicy Unrestricted -file C:\\terraform\\winrm.ps1\u003c/CommandLine\u003e\n        \u003cDescription\u003eExecute the WinRM enabling script\u003c/Description\u003e\n        \u003cOrder\u003e13\u003c/Order\u003e\n    \u003c/SynchronousCommand\u003e\n\u003c/FirstLogonCommands\u003e\n",
                    "pass": "oobeSystem",
                    "setting_name": "FirstLogonCommands"
                  }
                ],
                "enable_automatic_upgrades": true,
                "provision_vm_agent": true,
                "timezone": "",
                "winrm": []
              }
            ],
            "plan": [],
            "primary_network_interface_id": null,
            "proximity_placement_group_id": null,
            "resource_group_name": "tfvm-resources",
            "storage_data_disk": [],
            "storage_image_reference": [
              {
                "id": "",
                "offer": "WindowsServer",
                "publisher": "MicrosoftWindowsServer",
                "sku": "2016-Datacenter",
                "version": "latest"
              }
            ],
            "storage_os_disk": [
              {
                "caching": "ReadWrite",
                "create_option": "FromImage",
                "disk_size_gb": 127,
                "image_uri": "",
                "managed_disk_id": "/subscriptions/5073fd4c-3a1b-4559-8371-21e034f70820/resourceGroups/tfvm-resources/providers/Microsoft.Compute/disks/tfvm-dc-disk1",
                "managed_disk_type": "Standard_LRS",
                "name": "tfvm-dc-disk1",
                "os_type": "Windows",
                "vhd_uri": "",
                "write_accelerator_enabled": false
              }
            ],
            "tags": null,
            "timeouts": null,
            "vm_size": "Standard_F2",
            "zones": null
          },
          "private": "eyJlMmJmYjczMC1lY2FhLTExZTYtOGY4OC0zNDM2M2JjN2M0YzAiOnsiY3JlYXRlIjozNjAwMDAwMDAwMDAwLCJkZWxldGUiOjM2MDAwMDAwMDAwMDAsInJlYWQiOjMwMDAwMDAwMDAwMCwidXBkYXRlIjozNjAwMDAwMDAwMDAwfX0=",
          "dependencies": [
            "azurerm_resource_group.test",
            "module.active-directory-domain.azurerm_network_interface.primary",
            "module.network.azurerm_subnet.domain-controllers",
            "module.network.azurerm_virtual_network.main"
          ]
        }
      ]
    },
    {
      "module": "module.active-directory-domain",
      "mode": "managed",
      "type": "azurerm_virtual_machine_extension",
      "name": "create-active-directory-forest",
      "provider": "provider[\"registry.terraform.io/hashicorp/azurerm\"]",
      "instances": [
        {
          "schema_version": 0,
          "attributes": {
            "auto_upgrade_minor_version": false,
            "id": "/subscriptions/5073fd4c-3a1b-4559-8371-21e034f70820/resourceGroups/tfvm-resources/providers/Microsoft.Compute/virtualMachines/tfvm-dc/extensions/create-active-directory-forest",
            "name": "create-active-directory-forest",
            "protected_settings": null,
            "publisher": "Microsoft.Compute",
            "settings": "{\"commandToExecute\":\"powershell.exe -Command \\\"Import-Module ADDSDeployment; $password = ConvertTo-SecureString P0wer$hell -AsPlainText -Force; Add-WindowsFeature -name ad-domain-services -IncludeManagementTools; Install-ADDSForest -CreateDnsDelegation:$false -DomainMode Win2012R2 -DomainName tfvm.local -DomainNetbiosName tfvm -ForestMode Win2012R2 -InstallDns:$true -SafeModeAdministratorPassword $password -Force:$true; shutdown -r -t 10; exit 0\\\"\"}",
            "tags": null,
            "timeouts": null,
            "type": "CustomScriptExtension",
            "type_handler_version": "1.9",
            "virtual_machine_id": "/subscriptions/5073fd4c-3a1b-4559-8371-21e034f70820/resourceGroups/tfvm-resources/providers/Microsoft.Compute/virtualMachines/tfvm-dc"
          },
          "private": "eyJlMmJmYjczMC1lY2FhLTExZTYtOGY4OC0zNDM2M2JjN2M0YzAiOnsiY3JlYXRlIjoxODAwMDAwMDAwMDAwLCJkZWxldGUiOjE4MDAwMDAwMDAwMDAsInJlYWQiOjMwMDAwMDAwMDAwMCwidXBkYXRlIjoxODAwMDAwMDAwMDAwfX0=",
          "dependencies": [
            "azurerm_resource_group.test",
            "module.active-directory-domain.azurerm_network_interface.primary",
            "module.active-directory-domain.azurerm_virtual_machine.domain-controller",
            "module.network.azurerm_subnet.domain-controllers",
            "module.network.azurerm_virtual_network.main"
          ]
        }
      ]
    },
    {
      "module": "module.network",
      "mode": "managed",
      "type": "azurerm_subnet",
      "name": "domain-clients",
      "provider": "provider[\"registry.terraform.io/hashicorp/azurerm\"]",
      "instances": [
        {
          "schema_version": 0,
          "attributes": {
            "address_prefix": "10.0.2.0/24",
            "address_prefixes": [
              "10.0.2.0/24"
            ],
            "delegation": [],
            "enforce_private_link_endpoint_network_policies": false,
            "enforce_private_link_service_network_policies": false,
            "id": "/subscriptions/5073fd4c-3a1b-4559-8371-21e034f70820/resourceGroups/tfvm-resources/providers/Microsoft.Network/virtualNetworks/tfvm-network/subnets/domain-clients",
            "name": "domain-clients",
            "resource_group_name": "tfvm-resources",
            "service_endpoints": null,
            "timeouts": null,
            "virtual_network_name": "tfvm-network"
          },
          "private": "eyJlMmJmYjczMC1lY2FhLTExZTYtOGY4OC0zNDM2M2JjN2M0YzAiOnsiY3JlYXRlIjoxODAwMDAwMDAwMDAwLCJkZWxldGUiOjE4MDAwMDAwMDAwMDAsInJlYWQiOjMwMDAwMDAwMDAwMCwidXBkYXRlIjoxODAwMDAwMDAwMDAwfX0=",
          "dependencies": [
            "azurerm_resource_group.test",
            "module.network.azurerm_virtual_network.main"
          ]
        }
      ]
    },
    {
      "module": "module.network",
      "mode": "managed",
      "type": "azurerm_subnet",
      "name": "domain-controllers",
      "provider": "provider[\"registry.terraform.io/hashicorp/azurerm\"]",
      "instances": [
        {
          "schema_version": 0,
          "attributes": {
            "address_prefix": "10.0.1.0/24",
            "address_prefixes": [
              "10.0.1.0/24"
            ],
            "delegation": [],
            "enforce_private_link_endpoint_network_policies": false,
            "enforce_private_link_service_network_policies": false,
            "id": "/subscriptions/5073fd4c-3a1b-4559-8371-21e034f70820/resourceGroups/tfvm-resources/providers/Microsoft.Network/virtualNetworks/tfvm-network/subnets/domain-controllers",
            "name": "domain-controllers",
            "resource_group_name": "tfvm-resources",
            "service_endpoints": null,
            "timeouts": null,
            "virtual_network_name": "tfvm-network"
          },
          "private": "eyJlMmJmYjczMC1lY2FhLTExZTYtOGY4OC0zNDM2M2JjN2M0YzAiOnsiY3JlYXRlIjoxODAwMDAwMDAwMDAwLCJkZWxldGUiOjE4MDAwMDAwMDAwMDAsInJlYWQiOjMwMDAwMDAwMDAwMCwidXBkYXRlIjoxODAwMDAwMDAwMDAwfX0=",
          "dependencies": [
            "azurerm_resource_group.test",
            "module.network.azurerm_virtual_network.main"
          ]
        }
      ]
    },
    {
      "module": "module.network",
      "mode": "managed",
      "type": "azurerm_virtual_network",
      "name": "main",
      "provider": "provider[\"registry.terraform.io/hashicorp/azurerm\"]",
      "instances": [
        {
          "schema_version": 0,
          "attributes": {
            "address_space": [
              "10.0.0.0/16"
            ],
            "bgp_community": "",
            "ddos_protection_plan": [],
            "dns_servers": [
              "10.0.1.4",
              "8.8.8.8"
            ],
            "guid": "ddb83939-e78b-49f2-b1f7-3a533d007f51",
            "id": "/subscriptions/5073fd4c-3a1b-4559-8371-21e034f70820/resourceGroups/tfvm-resources/providers/Microsoft.Network/virtualNetworks/tfvm-network",
            "location": "westeurope",
            "name": "tfvm-network",
            "resource_group_name": "tfvm-resources",
            "subnet": [],
            "tags": null,
            "timeouts": null,
            "vm_protection_enabled": false
          },
          "private": "eyJlMmJmYjczMC1lY2FhLTExZTYtOGY4OC0zNDM2M2JjN2M0YzAiOnsiY3JlYXRlIjoxODAwMDAwMDAwMDAwLCJkZWxldGUiOjE4MDAwMDAwMDAwMDAsInJlYWQiOjMwMDAwMDAwMDAwMCwidXBkYXRlIjoxODAwMDAwMDAwMDAwfX0=",
          "dependencies": [
            "azurerm_resource_group.test"
          ]
        }
      ]
    },
    {
      "module": "module.windows-client",
      "mode": "managed",
      "type": "azurerm_network_interface",
      "name": "primary",
      "provider": "provider[\"registry.terraform.io/hashicorp/azurerm\"]",
      "instances": [
        {
          "schema_version": 0,
          "attributes": {
            "applied_dns_servers": [],
            "dns_servers": [],
            "enable_accelerated_networking": false,
            "enable_ip_forwarding": false,
            "id": "/subscriptions/5073fd4c-3a1b-4559-8371-21e034f70820/resourceGroups/tfvm-resources/providers/Microsoft.Network/networkInterfaces/tfvm-client-nic",
            "internal_dns_name_label": "tfvm-client",
            "internal_domain_name_suffix": "he21rxml25zetmpxhjjt0ad5kb.ax.internal.cloudapp.net",
            "ip_configuration": [
              {
                "name": "primary",
                "primary": true,
                "private_ip_address": "10.0.2.4",
                "private_ip_address_allocation": "Dynamic",
                "private_ip_address_version": "IPv4",
                "public_ip_address_id": "/subscriptions/5073fd4c-3a1b-4559-8371-21e034f70820/resourceGroups/tfvm-resources/providers/Microsoft.Network/publicIPAddresses/tfvm-client-ppip",
                "subnet_id": "/subscriptions/5073fd4c-3a1b-4559-8371-21e034f70820/resourceGroups/tfvm-resources/providers/Microsoft.Network/virtualNetworks/tfvm-network/subnets/domain-clients"
              }
            ],
            "location": "westeurope",
            "mac_address": "",
            "name": "tfvm-client-nic",
            "private_ip_address": "10.0.2.4",
            "private_ip_addresses": [
              "10.0.2.4"
            ],
            "resource_group_name": "tfvm-resources",
            "tags": null,
            "timeouts": null,
            "virtual_machine_id": ""
          },
          "private": "eyJlMmJmYjczMC1lY2FhLTExZTYtOGY4OC0zNDM2M2JjN2M0YzAiOnsiY3JlYXRlIjoxODAwMDAwMDAwMDAwLCJkZWxldGUiOjE4MDAwMDAwMDAwMDAsInJlYWQiOjMwMDAwMDAwMDAwMCwidXBkYXRlIjoxODAwMDAwMDAwMDAwfX0=",
          "dependencies": [
            "azurerm_resource_group.test",
            "module.network.azurerm_subnet.domain-clients",
            "module.network.azurerm_virtual_network.main",
            "module.windows-client.azurerm_public_ip.static"
          ]
        }
      ]
    },
    {
      "module": "module.windows-client",
      "mode": "managed",
      "type": "azurerm_public_ip",
      "name": "static",
      "provider": "provider[\"registry.terraform.io/hashicorp/azurerm\"]",
      "instances": [
        {
          "schema_version": 0,
          "attributes": {
            "allocation_method": "Static",
            "domain_name_label": null,
            "fqdn": null,
            "id": "/subscriptions/5073fd4c-3a1b-4559-8371-21e034f70820/resourceGroups/tfvm-resources/providers/Microsoft.Network/publicIPAddresses/tfvm-client-ppip",
            "idle_timeout_in_minutes": 4,
            "ip_address": "52.233.250.156",
            "ip_version": "IPv4",
            "location": "westeurope",
            "name": "tfvm-client-ppip",
            "public_ip_prefix_id": null,
            "resource_group_name": "tfvm-resources",
            "reverse_fqdn": null,
            "sku": "Basic",
            "tags": null,
            "timeouts": null,
            "zones": null
          },
          "private": "eyJlMmJmYjczMC1lY2FhLTExZTYtOGY4OC0zNDM2M2JjN2M0YzAiOnsiY3JlYXRlIjoxODAwMDAwMDAwMDAwLCJkZWxldGUiOjE4MDAwMDAwMDAwMDAsInJlYWQiOjMwMDAwMDAwMDAwMCwidXBkYXRlIjoxODAwMDAwMDAwMDAwfX0=",
          "dependencies": [
            "azurerm_resource_group.test"
          ]
        }
      ]
    },
    {
      "module": "module.windows-client",
      "mode": "managed",
      "type": "azurerm_virtual_machine",
      "name": "client",
      "provider": "provider[\"registry.terraform.io/hashicorp/azurerm\"]",
      "instances": [
        {
          "schema_version": 0,
          "attributes": {
            "additional_capabilities": [],
            "availability_set_id": null,
            "boot_diagnostics": [],
            "delete_data_disks_on_termination": false,
            "delete_os_disk_on_termination": true,
            "id": "/subscriptions/5073fd4c-3a1b-4559-8371-21e034f70820/resourceGroups/tfvm-resources/providers/Microsoft.Compute/virtualMachines/tfvm-client",
            "identity": [],
            "license_type": null,
            "location": "westeurope",
            "name": "tfvm-client",
            "network_interface_ids": [
              "/subscriptions/5073fd4c-3a1b-4559-8371-21e034f70820/resourceGroups/tfvm-resources/providers/Microsoft.Network/networkInterfaces/tfvm-client-nic"
            ],
            "os_profile": [
              {
                "admin_password": "",
                "admin_username": "azureuser",
                "computer_name": "tfvm-client",
                "custom_data": ""
              }
            ],
            "os_profile_linux_config": [],
            "os_profile_secrets": [],
            "os_profile_windows_config": [
              {
                "additional_unattend_config": [],
                "enable_automatic_upgrades": true,
                "provision_vm_agent": true,
                "timezone": "",
                "winrm": []
              }
            ],
            "plan": [],
            "primary_network_interface_id": null,
            "proximity_placement_group_id": null,
            "resource_group_name": "tfvm-resources",
            "storage_data_disk": [],
            "storage_image_reference": [
              {
                "id": "",
                "offer": "WindowsServer",
                "publisher": "MicrosoftWindowsServer",
                "sku": "2016-Datacenter",
                "version": "latest"
              }
            ],
            "storage_os_disk": [
              {
                "caching": "ReadWrite",
                "create_option": "FromImage",
                "disk_size_gb": 127,
                "image_uri": "",
                "managed_disk_id": "/subscriptions/5073fd4c-3a1b-4559-8371-21e034f70820/resourceGroups/tfvm-resources/providers/Microsoft.Compute/disks/tfvm-client-disk1",
                "managed_disk_type": "Standard_LRS",
                "name": "tfvm-client-disk1",
                "os_type": "Windows",
                "vhd_uri": "",
                "write_accelerator_enabled": false
              }
            ],
            "tags": null,
            "timeouts": null,
            "vm_size": "Standard_F2",
            "zones": null
          },
          "private": "eyJlMmJmYjczMC1lY2FhLTExZTYtOGY4OC0zNDM2M2JjN2M0YzAiOnsiY3JlYXRlIjozNjAwMDAwMDAwMDAwLCJkZWxldGUiOjM2MDAwMDAwMDAwMDAsInJlYWQiOjMwMDAwMDAwMDAwMCwidXBkYXRlIjozNjAwMDAwMDAwMDAwfX0=",
          "dependencies": [
            "azurerm_resource_group.test",
            "module.network.azurerm_subnet.domain-clients",
            "module.network.azurerm_virtual_network.main",
            "module.windows-client.azurerm_network_interface.primary",
            "module.windows-client.azurerm_public_ip.static"
          ]
        }
      ]
    },
    {
      "module": "module.windows-client",
      "mode": "managed",
      "type": "azurerm_virtual_machine_extension",
      "name": "join-domain",
      "provider": "provider[\"registry.terraform.io/hashicorp/azurerm\"]",
      "instances": [
        {
          "schema_version": 0,
          "attributes": {
            "auto_upgrade_minor_version": false,
            "id": "/subscriptions/5073fd4c-3a1b-4559-8371-21e034f70820/resourceGroups/tfvm-resources/providers/Microsoft.Compute/virtualMachines/tfvm-client/extensions/tfvm-client",
            "name": "tfvm-client",
            "protected_settings": "    {\n        \"Password\": \"P0wer$hell\"\n    }\n",
            "publisher": "Microsoft.Compute",
            "settings": "{\"Name\":\"tfvm.local\",\"OUPath\":\"\",\"Options\":\"3\",\"Restart\":\"true\",\"User\":\"tfvm.local\\\\azureuser\"}",
            "tags": null,
            "timeouts": null,
            "type": "JsonADDomainExtension",
            "type_handler_version": "1.3",
            "virtual_machine_id": "/subscriptions/5073fd4c-3a1b-4559-8371-21e034f70820/resourceGroups/tfvm-resources/providers/Microsoft.Compute/virtualMachines/tfvm-client"
          },
          "private": "eyJlMmJmYjczMC1lY2FhLTExZTYtOGY4OC0zNDM2M2JjN2M0YzAiOnsiY3JlYXRlIjoxODAwMDAwMDAwMDAwLCJkZWxldGUiOjE4MDAwMDAwMDAwMDAsInJlYWQiOjMwMDAwMDAwMDAwMCwidXBkYXRlIjoxODAwMDAwMDAwMDAwfX0=",
          "dependencies": [
            "azurerm_resource_group.test",
            "module.network.azurerm_subnet.domain-clients",
            "module.network.azurerm_virtual_network.main",
            "module.windows-client.azurerm_network_interface.primary",
            "module.windows-client.azurerm_public_ip.static",
            "module.windows-client.azurerm_virtual_machine.client",
            "module.windows-client.null_resource.wait-for-domain-to-provision"
          ]
        }
      ]
    },
    {
      "module": "module.windows-client",
      "mode": "managed",
      "type": "null_resource",
      "name": "wait-for-domain-to-provision",
      "provider": "provider[\"registry.terraform.io/hashicorp/null\"]",
      "instances": [
        {
          "schema_version": 0,
          "attributes": {
            "id": "6028117883282914414",
            "triggers": null
          },
          "private": "bnVsbA==",
          "dependencies": [
            "azurerm_resource_group.test",
            "module.network.azurerm_subnet.domain-clients",
            "module.network.azurerm_virtual_network.main",
            "module.windows-client.azurerm_network_interface.primary",
            "module.windows-client.azurerm_public_ip.static",
            "module.windows-client.azurerm_virtual_machine.client"
          ]
        }
      ]
    }
  ]
}
